// !$*UTF8*$!
{
	archiveVersion = 1;
	classes = {
	};
	objectVersion = 50;
	objects = {

/* Begin PBXBuildFile section */
		1704C5B4225311D400C49E91 /* SendToClientUIWindow.swift in Sources */ = {isa = PBXBuildFile; fileRef = 1704C5B3225311D400C49E91 /* SendToClientUIWindow.swift */; };
		1704C5B62253123F00C49E91 /* SendToClientUICode.swift in Sources */ = {isa = PBXBuildFile; fileRef = 1704C5B52253123F00C49E91 /* SendToClientUICode.swift */; };
		1704C5B82253244D00C49E91 /* ClientCommands.swift in Sources */ = {isa = PBXBuildFile; fileRef = 1704C5B72253244D00C49E91 /* ClientCommands.swift */; };
		171EB5EE2255C2250075C134 /* Assets.xcassets in Resources */ = {isa = PBXBuildFile; fileRef = 171EB5ED2255C2250075C134 /* Assets.xcassets */; };
		171EB5F72255C2C30075C134 /* MultiPeer.swift in Sources */ = {isa = PBXBuildFile; fileRef = 1743C1472252032F003FE6B2 /* MultiPeer.swift */; };
		171EB5F82255C2C60075C134 /* MultiPeerDelegate.swift in Sources */ = {isa = PBXBuildFile; fileRef = 1743C14B22520366003FE6B2 /* MultiPeerDelegate.swift */; };
		171EB5F92255C2CA0075C134 /* MessageHelper.swift in Sources */ = {isa = PBXBuildFile; fileRef = 1743C1492252034E003FE6B2 /* MessageHelper.swift */; };
		171EB5FA2255C2CD0075C134 /* ClientCommands.swift in Sources */ = {isa = PBXBuildFile; fileRef = 1704C5B72253244D00C49E91 /* ClientCommands.swift */; };
		171EB5FB2255C2D10075C134 /* OSColorExtensions.swift in Sources */ = {isa = PBXBuildFile; fileRef = 1743C14D2252041B003FE6B2 /* OSColorExtensions.swift */; };
		171EB5FC2255C2D80075C134 /* State.swift in Sources */ = {isa = PBXBuildFile; fileRef = 1746B53C22520A7000E554EC /* State.swift */; };
		171EB5FD2255C2DB0075C134 /* StateProtocol.swift in Sources */ = {isa = PBXBuildFile; fileRef = 1746B53E22520A8D00E554EC /* StateProtocol.swift */; };
		171EB5FE2255C2E00075C134 /* OSColor.swift in Sources */ = {isa = PBXBuildFile; fileRef = 1772A2FA2253705C006D0A16 /* OSColor.swift */; };
		171EB6032255C4250075C134 /* Main.storyboard in Resources */ = {isa = PBXBuildFile; fileRef = 171EB6022255C4250075C134 /* Main.storyboard */; };
		171EB6052255C42E0075C134 /* MainController.swift in Sources */ = {isa = PBXBuildFile; fileRef = 171EB6042255C42E0075C134 /* MainController.swift */; };
		171EB6092255C4510075C134 /* AppDelegate.swift in Sources */ = {isa = PBXBuildFile; fileRef = 171EB6082255C4510075C134 /* AppDelegate.swift */; };
		171EB60D2255C4670075C134 /* Versioning.swift in Sources */ = {isa = PBXBuildFile; fileRef = 171EB60C2255C4670075C134 /* Versioning.swift */; };
		171EB60F2255C4750075C134 /* LaunchScreen.storyboard in Resources */ = {isa = PBXBuildFile; fileRef = 171EB60E2255C4750075C134 /* LaunchScreen.storyboard */; };
		171EB6112255C47D0075C134 /* IDTableCell.swift in Sources */ = {isa = PBXBuildFile; fileRef = 171EB6102255C47D0075C134 /* IDTableCell.swift */; };
		1722346A22572D2C00518601 /* Filterer.storyboard in Resources */ = {isa = PBXBuildFile; fileRef = 1722346922572D2C00518601 /* Filterer.storyboard */; };
		1722346C22572E3F00518601 /* FiltererWindow.swift in Sources */ = {isa = PBXBuildFile; fileRef = 1722346B22572E3F00518601 /* FiltererWindow.swift */; };
		1722346E22572E5300518601 /* FiltererUICode.swift in Sources */ = {isa = PBXBuildFile; fileRef = 1722346D22572E5300518601 /* FiltererUICode.swift */; };
		1722347022573D7D00518601 /* FilterObject.swift in Sources */ = {isa = PBXBuildFile; fileRef = 1722346F22573D7D00518601 /* FilterObject.swift */; };
		17223472225754EA00518601 /* KVPItems.swift in Sources */ = {isa = PBXBuildFile; fileRef = 17223471225754EA00518601 /* KVPItems.swift */; };
		1722347422576E9A00518601 /* LogItemList.swift in Sources */ = {isa = PBXBuildFile; fileRef = 1722347322576E9A00518601 /* LogItemList.swift */; };
		172426D7225239C400E34282 /* PeerViewerUICode.swift in Sources */ = {isa = PBXBuildFile; fileRef = 172426D6225239C400E34282 /* PeerViewerUICode.swift */; };
		172426D92252488F00E34282 /* PeerViewerUIWindow.swift in Sources */ = {isa = PBXBuildFile; fileRef = 172426D82252488F00E34282 /* PeerViewerUIWindow.swift */; };
		172E7F612259A757009E4768 /* ConnectionNotificationProtocol.swift in Sources */ = {isa = PBXBuildFile; fileRef = 172E7F602259A757009E4768 /* ConnectionNotificationProtocol.swift */; };
		172E7F632259C9CA009E4768 /* ViewStateManager.swift in Sources */ = {isa = PBXBuildFile; fileRef = 172E7F622259C9CA009E4768 /* ViewStateManager.swift */; };
		172E7F662259C9F5009E4768 /* ViewState.swift in Sources */ = {isa = PBXBuildFile; fileRef = 172E7F652259C9F5009E4768 /* ViewState.swift */; };
		172E7F692259E5FB009E4768 /* ItemViewer.storyboard in Resources */ = {isa = PBXBuildFile; fileRef = 172E7F682259E5FB009E4768 /* ItemViewer.storyboard */; };
		172E7F6B2259E72D009E4768 /* ItemViewerWindow.swift in Sources */ = {isa = PBXBuildFile; fileRef = 172E7F6A2259E72D009E4768 /* ItemViewerWindow.swift */; };
		172E7F6D2259E739009E4768 /* ItemViewerUICode.swift in Sources */ = {isa = PBXBuildFile; fileRef = 172E7F6C2259E739009E4768 /* ItemViewerUICode.swift */; };
		173366A0225708BE00438E66 /* MessageHandler.swift in Sources */ = {isa = PBXBuildFile; fileRef = 1733669F225708BE00438E66 /* MessageHandler.swift */; };
		173366A222570A0400438E66 /* MessageHandlerDelegate.swift in Sources */ = {isa = PBXBuildFile; fileRef = 173366A122570A0400438E66 /* MessageHandlerDelegate.swift */; };
		173366A322570BD500438E66 /* MessageHandler.swift in Sources */ = {isa = PBXBuildFile; fileRef = 1733669F225708BE00438E66 /* MessageHandler.swift */; };
		173366A422570BD800438E66 /* MessageHandlerDelegate.swift in Sources */ = {isa = PBXBuildFile; fileRef = 173366A122570A0400438E66 /* MessageHandlerDelegate.swift */; };
		1743C1372251DF9B003FE6B2 /* AppDelegate.swift in Sources */ = {isa = PBXBuildFile; fileRef = 1743C1362251DF9B003FE6B2 /* AppDelegate.swift */; };
		1743C1392251DF9B003FE6B2 /* ViewController.swift in Sources */ = {isa = PBXBuildFile; fileRef = 1743C1382251DF9B003FE6B2 /* ViewController.swift */; };
		1743C13B2251DF9C003FE6B2 /* Assets.xcassets in Resources */ = {isa = PBXBuildFile; fileRef = 1743C13A2251DF9C003FE6B2 /* Assets.xcassets */; };
		1743C13E2251DF9C003FE6B2 /* Main.storyboard in Resources */ = {isa = PBXBuildFile; fileRef = 1743C13C2251DF9C003FE6B2 /* Main.storyboard */; };
		1743C1482252032F003FE6B2 /* MultiPeer.swift in Sources */ = {isa = PBXBuildFile; fileRef = 1743C1472252032F003FE6B2 /* MultiPeer.swift */; };
		1743C14A2252034E003FE6B2 /* MessageHelper.swift in Sources */ = {isa = PBXBuildFile; fileRef = 1743C1492252034E003FE6B2 /* MessageHelper.swift */; };
		1743C14C22520366003FE6B2 /* MultiPeerDelegate.swift in Sources */ = {isa = PBXBuildFile; fileRef = 1743C14B22520366003FE6B2 /* MultiPeerDelegate.swift */; };
		1743C14E2252041B003FE6B2 /* OSColorExtensions.swift in Sources */ = {isa = PBXBuildFile; fileRef = 1743C14D2252041B003FE6B2 /* OSColorExtensions.swift */; };
		1746B53D22520A7000E554EC /* State.swift in Sources */ = {isa = PBXBuildFile; fileRef = 1746B53C22520A7000E554EC /* State.swift */; };
		1746B53F22520A8D00E554EC /* StateProtocol.swift in Sources */ = {isa = PBXBuildFile; fileRef = 1746B53E22520A8D00E554EC /* StateProtocol.swift */; };
		1746B54122520AB900E554EC /* Versioning.swift in Sources */ = {isa = PBXBuildFile; fileRef = 1746B54022520AB900E554EC /* Versioning.swift */; };
		1746B54422520C6700E554EC /* KVPItem.swift in Sources */ = {isa = PBXBuildFile; fileRef = 1746B54322520C6700E554EC /* KVPItem.swift */; };
		1746B54622520C9F00E554EC /* MainProtocol.swift in Sources */ = {isa = PBXBuildFile; fileRef = 1746B54522520C9F00E554EC /* MainProtocol.swift */; };
		1746B54822520D4A00E554EC /* LogItem.swift in Sources */ = {isa = PBXBuildFile; fileRef = 1746B54722520D4A00E554EC /* LogItem.swift */; };
		1772A2FB2253705C006D0A16 /* OSColor.swift in Sources */ = {isa = PBXBuildFile; fileRef = 1772A2FA2253705C006D0A16 /* OSColor.swift */; };
		17B3EE8D2255CD35009988D3 /* SendToRemote.storyboard in Resources */ = {isa = PBXBuildFile; fileRef = 17B3EE8C2255CD35009988D3 /* SendToRemote.storyboard */; };
		17B3EE8F2255CD40009988D3 /* SendToRemoteCode.swift in Sources */ = {isa = PBXBuildFile; fileRef = 17B3EE8E2255CD40009988D3 /* SendToRemoteCode.swift */; };
		17B3EE912255CD48009988D3 /* ClientTestUI.storyboard in Resources */ = {isa = PBXBuildFile; fileRef = 17B3EE902255CD48009988D3 /* ClientTestUI.storyboard */; };
		17B3EE932255CD53009988D3 /* ClientTestUICode.swift in Sources */ = {isa = PBXBuildFile; fileRef = 17B3EE922255CD53009988D3 /* ClientTestUICode.swift */; };
		17B3EE952255CD5A009988D3 /* LogItem.swift in Sources */ = {isa = PBXBuildFile; fileRef = 17B3EE942255CD5A009988D3 /* LogItem.swift */; };
		17B3EE972255CD60009988D3 /* LogTableCell.swift in Sources */ = {isa = PBXBuildFile; fileRef = 17B3EE962255CD60009988D3 /* LogTableCell.swift */; };
		17B3EE992255CD66009988D3 /* LogItemViewerCode.swift in Sources */ = {isa = PBXBuildFile; fileRef = 17B3EE982255CD66009988D3 /* LogItemViewerCode.swift */; };
		17B3EE9B2255CD6B009988D3 /* LogItemProtocol.swift in Sources */ = {isa = PBXBuildFile; fileRef = 17B3EE9A2255CD6B009988D3 /* LogItemProtocol.swift */; };
		17B3EE9D2255CD72009988D3 /* LogItemViewer.storyboard in Resources */ = {isa = PBXBuildFile; fileRef = 17B3EE9C2255CD72009988D3 /* LogItemViewer.storyboard */; };
		17B3EEA02255CD8D009988D3 /* MainProtocol.swift in Sources */ = {isa = PBXBuildFile; fileRef = 17B3EE9F2255CD8D009988D3 /* MainProtocol.swift */; };
		17B3EEA42255CDF4009988D3 /* KVPItem.swift in Sources */ = {isa = PBXBuildFile; fileRef = 17B3EEA32255CDF3009988D3 /* KVPItem.swift */; };
		17B68CCA225468CC00AEBE94 /* MainWindow.swift in Sources */ = {isa = PBXBuildFile; fileRef = 17B68CC9225468CC00AEBE94 /* MainWindow.swift */; };
		17B68CCD2254713100AEBE94 /* AboutTDDebug.storyboard in Resources */ = {isa = PBXBuildFile; fileRef = 17B68CCC2254713100AEBE94 /* AboutTDDebug.storyboard */; };
		17B68CCF2254731C00AEBE94 /* AboutTDDebugCode.swift in Sources */ = {isa = PBXBuildFile; fileRef = 17B68CCE2254731C00AEBE94 /* AboutTDDebugCode.swift */; };
		17B68CD12254756400AEBE94 /* AboutTDDebugWindow.swift in Sources */ = {isa = PBXBuildFile; fileRef = 17B68CD02254756400AEBE94 /* AboutTDDebugWindow.swift */; };
/* End PBXBuildFile section */

/* Begin PBXFileReference section */
		1704C5B3225311D400C49E91 /* SendToClientUIWindow.swift */ = {isa = PBXFileReference; lastKnownFileType = sourcecode.swift; path = SendToClientUIWindow.swift; sourceTree = "<group>"; };
		1704C5B52253123F00C49E91 /* SendToClientUICode.swift */ = {isa = PBXFileReference; lastKnownFileType = sourcecode.swift; path = SendToClientUICode.swift; sourceTree = "<group>"; };
		1704C5B72253244D00C49E91 /* ClientCommands.swift */ = {isa = PBXFileReference; lastKnownFileType = sourcecode.swift; path = ClientCommands.swift; sourceTree = "<group>"; };
		171EB5E42255C2240075C134 /* TDebug.app */ = {isa = PBXFileReference; explicitFileType = wrapper.application; includeInIndex = 0; path = TDebug.app; sourceTree = BUILT_PRODUCTS_DIR; };
		171EB5ED2255C2250075C134 /* Assets.xcassets */ = {isa = PBXFileReference; lastKnownFileType = folder.assetcatalog; path = Assets.xcassets; sourceTree = "<group>"; };
		171EB6022255C4250075C134 /* Main.storyboard */ = {isa = PBXFileReference; fileEncoding = 4; lastKnownFileType = file.storyboard; path = Main.storyboard; sourceTree = "<group>"; };
		171EB6042255C42E0075C134 /* MainController.swift */ = {isa = PBXFileReference; fileEncoding = 4; lastKnownFileType = sourcecode.swift; path = MainController.swift; sourceTree = "<group>"; };
		171EB6082255C4510075C134 /* AppDelegate.swift */ = {isa = PBXFileReference; fileEncoding = 4; lastKnownFileType = sourcecode.swift; path = AppDelegate.swift; sourceTree = "<group>"; };
		171EB60A2255C45C0075C134 /* Info.plist */ = {isa = PBXFileReference; fileEncoding = 4; lastKnownFileType = text.plist.xml; path = Info.plist; sourceTree = "<group>"; };
		171EB60C2255C4670075C134 /* Versioning.swift */ = {isa = PBXFileReference; fileEncoding = 4; lastKnownFileType = sourcecode.swift; path = Versioning.swift; sourceTree = "<group>"; };
		171EB60E2255C4750075C134 /* LaunchScreen.storyboard */ = {isa = PBXFileReference; fileEncoding = 4; lastKnownFileType = file.storyboard; path = LaunchScreen.storyboard; sourceTree = "<group>"; };
		171EB6102255C47D0075C134 /* IDTableCell.swift */ = {isa = PBXFileReference; fileEncoding = 4; lastKnownFileType = sourcecode.swift; path = IDTableCell.swift; sourceTree = "<group>"; };
		1722346922572D2C00518601 /* Filterer.storyboard */ = {isa = PBXFileReference; lastKnownFileType = file.storyboard; path = Filterer.storyboard; sourceTree = "<group>"; };
		1722346B22572E3F00518601 /* FiltererWindow.swift */ = {isa = PBXFileReference; lastKnownFileType = sourcecode.swift; path = FiltererWindow.swift; sourceTree = "<group>"; };
		1722346D22572E5300518601 /* FiltererUICode.swift */ = {isa = PBXFileReference; lastKnownFileType = sourcecode.swift; path = FiltererUICode.swift; sourceTree = "<group>"; };
		1722346F22573D7D00518601 /* FilterObject.swift */ = {isa = PBXFileReference; lastKnownFileType = sourcecode.swift; path = FilterObject.swift; sourceTree = "<group>"; };
		17223471225754EA00518601 /* KVPItems.swift */ = {isa = PBXFileReference; lastKnownFileType = sourcecode.swift; path = KVPItems.swift; sourceTree = "<group>"; };
		1722347322576E9A00518601 /* LogItemList.swift */ = {isa = PBXFileReference; lastKnownFileType = sourcecode.swift; path = LogItemList.swift; sourceTree = "<group>"; };
		172426D6225239C400E34282 /* PeerViewerUICode.swift */ = {isa = PBXFileReference; lastKnownFileType = sourcecode.swift; path = PeerViewerUICode.swift; sourceTree = "<group>"; };
		172426D82252488F00E34282 /* PeerViewerUIWindow.swift */ = {isa = PBXFileReference; lastKnownFileType = sourcecode.swift; path = PeerViewerUIWindow.swift; sourceTree = "<group>"; };
		172E7F602259A757009E4768 /* ConnectionNotificationProtocol.swift */ = {isa = PBXFileReference; lastKnownFileType = sourcecode.swift; path = ConnectionNotificationProtocol.swift; sourceTree = "<group>"; };
		172E7F622259C9CA009E4768 /* ViewStateManager.swift */ = {isa = PBXFileReference; lastKnownFileType = sourcecode.swift; path = ViewStateManager.swift; sourceTree = "<group>"; };
		172E7F652259C9F5009E4768 /* ViewState.swift */ = {isa = PBXFileReference; lastKnownFileType = sourcecode.swift; path = ViewState.swift; sourceTree = "<group>"; };
		172E7F682259E5FB009E4768 /* ItemViewer.storyboard */ = {isa = PBXFileReference; lastKnownFileType = file.storyboard; path = ItemViewer.storyboard; sourceTree = "<group>"; };
		172E7F6A2259E72D009E4768 /* ItemViewerWindow.swift */ = {isa = PBXFileReference; lastKnownFileType = sourcecode.swift; path = ItemViewerWindow.swift; sourceTree = "<group>"; };
		172E7F6C2259E739009E4768 /* ItemViewerUICode.swift */ = {isa = PBXFileReference; lastKnownFileType = sourcecode.swift; path = ItemViewerUICode.swift; sourceTree = "<group>"; };
		1733669F225708BE00438E66 /* MessageHandler.swift */ = {isa = PBXFileReference; lastKnownFileType = sourcecode.swift; path = MessageHandler.swift; sourceTree = "<group>"; };
		173366A122570A0400438E66 /* MessageHandlerDelegate.swift */ = {isa = PBXFileReference; lastKnownFileType = sourcecode.swift; path = MessageHandlerDelegate.swift; sourceTree = "<group>"; };
		1743C1332251DF9B003FE6B2 /* TDDebug.app */ = {isa = PBXFileReference; explicitFileType = wrapper.application; includeInIndex = 0; path = TDDebug.app; sourceTree = BUILT_PRODUCTS_DIR; };
		1743C1362251DF9B003FE6B2 /* AppDelegate.swift */ = {isa = PBXFileReference; lastKnownFileType = sourcecode.swift; path = AppDelegate.swift; sourceTree = "<group>"; };
		1743C1382251DF9B003FE6B2 /* ViewController.swift */ = {isa = PBXFileReference; lastKnownFileType = sourcecode.swift; path = ViewController.swift; sourceTree = "<group>"; };
		1743C13A2251DF9C003FE6B2 /* Assets.xcassets */ = {isa = PBXFileReference; lastKnownFileType = folder.assetcatalog; path = Assets.xcassets; sourceTree = "<group>"; };
		1743C13D2251DF9C003FE6B2 /* Base */ = {isa = PBXFileReference; lastKnownFileType = file.storyboard; name = Base; path = Base.lproj/Main.storyboard; sourceTree = "<group>"; };
		1743C13F2251DF9C003FE6B2 /* Info.plist */ = {isa = PBXFileReference; lastKnownFileType = text.plist.xml; path = Info.plist; sourceTree = "<group>"; };
		1743C1402251DF9C003FE6B2 /* TDDebug.entitlements */ = {isa = PBXFileReference; lastKnownFileType = text.plist.entitlements; path = TDDebug.entitlements; sourceTree = "<group>"; };
		1743C1472252032F003FE6B2 /* MultiPeer.swift */ = {isa = PBXFileReference; lastKnownFileType = sourcecode.swift; path = MultiPeer.swift; sourceTree = "<group>"; };
		1743C1492252034E003FE6B2 /* MessageHelper.swift */ = {isa = PBXFileReference; lastKnownFileType = sourcecode.swift; path = MessageHelper.swift; sourceTree = "<group>"; };
		1743C14B22520366003FE6B2 /* MultiPeerDelegate.swift */ = {isa = PBXFileReference; lastKnownFileType = sourcecode.swift; path = MultiPeerDelegate.swift; sourceTree = "<group>"; };
		1743C14D2252041B003FE6B2 /* OSColorExtensions.swift */ = {isa = PBXFileReference; lastKnownFileType = sourcecode.swift; path = OSColorExtensions.swift; sourceTree = "<group>"; };
		1746B53C22520A7000E554EC /* State.swift */ = {isa = PBXFileReference; lastKnownFileType = sourcecode.swift; path = State.swift; sourceTree = "<group>"; };
		1746B53E22520A8D00E554EC /* StateProtocol.swift */ = {isa = PBXFileReference; lastKnownFileType = sourcecode.swift; path = StateProtocol.swift; sourceTree = "<group>"; };
		1746B54022520AB900E554EC /* Versioning.swift */ = {isa = PBXFileReference; lastKnownFileType = sourcecode.swift; path = Versioning.swift; sourceTree = "<group>"; };
		1746B54322520C6700E554EC /* KVPItem.swift */ = {isa = PBXFileReference; lastKnownFileType = sourcecode.swift; path = KVPItem.swift; sourceTree = "<group>"; };
		1746B54522520C9F00E554EC /* MainProtocol.swift */ = {isa = PBXFileReference; lastKnownFileType = sourcecode.swift; path = MainProtocol.swift; sourceTree = "<group>"; };
		1746B54722520D4A00E554EC /* LogItem.swift */ = {isa = PBXFileReference; lastKnownFileType = sourcecode.swift; path = LogItem.swift; sourceTree = "<group>"; };
		1772A2FA2253705C006D0A16 /* OSColor.swift */ = {isa = PBXFileReference; lastKnownFileType = sourcecode.swift; path = OSColor.swift; sourceTree = "<group>"; };
		17B3EE8C2255CD35009988D3 /* SendToRemote.storyboard */ = {isa = PBXFileReference; fileEncoding = 4; lastKnownFileType = file.storyboard; path = SendToRemote.storyboard; sourceTree = "<group>"; };
		17B3EE8E2255CD40009988D3 /* SendToRemoteCode.swift */ = {isa = PBXFileReference; fileEncoding = 4; lastKnownFileType = sourcecode.swift; path = SendToRemoteCode.swift; sourceTree = "<group>"; };
		17B3EE902255CD48009988D3 /* ClientTestUI.storyboard */ = {isa = PBXFileReference; fileEncoding = 4; lastKnownFileType = file.storyboard; path = ClientTestUI.storyboard; sourceTree = "<group>"; };
		17B3EE922255CD53009988D3 /* ClientTestUICode.swift */ = {isa = PBXFileReference; fileEncoding = 4; lastKnownFileType = sourcecode.swift; path = ClientTestUICode.swift; sourceTree = "<group>"; };
		17B3EE942255CD5A009988D3 /* LogItem.swift */ = {isa = PBXFileReference; fileEncoding = 4; lastKnownFileType = sourcecode.swift; path = LogItem.swift; sourceTree = "<group>"; };
		17B3EE962255CD60009988D3 /* LogTableCell.swift */ = {isa = PBXFileReference; fileEncoding = 4; lastKnownFileType = sourcecode.swift; path = LogTableCell.swift; sourceTree = "<group>"; };
		17B3EE982255CD66009988D3 /* LogItemViewerCode.swift */ = {isa = PBXFileReference; fileEncoding = 4; lastKnownFileType = sourcecode.swift; path = LogItemViewerCode.swift; sourceTree = "<group>"; };
		17B3EE9A2255CD6B009988D3 /* LogItemProtocol.swift */ = {isa = PBXFileReference; fileEncoding = 4; lastKnownFileType = sourcecode.swift; path = LogItemProtocol.swift; sourceTree = "<group>"; };
		17B3EE9C2255CD72009988D3 /* LogItemViewer.storyboard */ = {isa = PBXFileReference; fileEncoding = 4; lastKnownFileType = file.storyboard; path = LogItemViewer.storyboard; sourceTree = "<group>"; };
		17B3EE9F2255CD8D009988D3 /* MainProtocol.swift */ = {isa = PBXFileReference; fileEncoding = 4; lastKnownFileType = sourcecode.swift; path = MainProtocol.swift; sourceTree = "<group>"; };
		17B3EEA32255CDF3009988D3 /* KVPItem.swift */ = {isa = PBXFileReference; fileEncoding = 4; lastKnownFileType = sourcecode.swift; path = KVPItem.swift; sourceTree = "<group>"; };
		17B3EEA52255E1D9009988D3 /* README.md */ = {isa = PBXFileReference; fileEncoding = 4; lastKnownFileType = net.daringfireball.markdown; name = README.md; path = ../README.md; sourceTree = "<group>"; };
		17B68CC9225468CC00AEBE94 /* MainWindow.swift */ = {isa = PBXFileReference; lastKnownFileType = sourcecode.swift; path = MainWindow.swift; sourceTree = "<group>"; };
		17B68CCC2254713100AEBE94 /* AboutTDDebug.storyboard */ = {isa = PBXFileReference; lastKnownFileType = file.storyboard; path = AboutTDDebug.storyboard; sourceTree = "<group>"; };
		17B68CCE2254731C00AEBE94 /* AboutTDDebugCode.swift */ = {isa = PBXFileReference; lastKnownFileType = sourcecode.swift; path = AboutTDDebugCode.swift; sourceTree = "<group>"; };
		17B68CD02254756400AEBE94 /* AboutTDDebugWindow.swift */ = {isa = PBXFileReference; lastKnownFileType = sourcecode.swift; path = AboutTDDebugWindow.swift; sourceTree = "<group>"; };
/* End PBXFileReference section */

/* Begin PBXFrameworksBuildPhase section */
		171EB5E12255C2240075C134 /* Frameworks */ = {
			isa = PBXFrameworksBuildPhase;
			buildActionMask = 2147483647;
			files = (
			);
			runOnlyForDeploymentPostprocessing = 0;
		};
		1743C1302251DF9B003FE6B2 /* Frameworks */ = {
			isa = PBXFrameworksBuildPhase;
			buildActionMask = 2147483647;
			files = (
			);
			runOnlyForDeploymentPostprocessing = 0;
		};
/* End PBXFrameworksBuildPhase section */

/* Begin PBXGroup section */
		1704C5B222530FA800C49E91 /* SendToClient */ = {
			isa = PBXGroup;
			children = (
				1704C5B3225311D400C49E91 /* SendToClientUIWindow.swift */,
				1704C5B52253123F00C49E91 /* SendToClientUICode.swift */,
			);
			path = SendToClient;
			sourceTree = "<group>";
		};
		171EB5E52255C2240075C134 /* TDebug */ = {
			isa = PBXGroup;
			children = (
				171EB5ED2255C2250075C134 /* Assets.xcassets */,
				171EB60A2255C45C0075C134 /* Info.plist */,
				171EB6082255C4510075C134 /* AppDelegate.swift */,
				171EB6022255C4250075C134 /* Main.storyboard */,
				171EB6042255C42E0075C134 /* MainController.swift */,
				17B3EEA32255CDF3009988D3 /* KVPItem.swift */,
				171EB6102255C47D0075C134 /* IDTableCell.swift */,
				171EB60E2255C4750075C134 /* LaunchScreen.storyboard */,
				171EB60C2255C4670075C134 /* Versioning.swift */,
				171EB5FF2255C3DB0075C134 /* ClientTest */,
				17B3EE9E2255CD81009988D3 /* Commands */,
				171EB6012255C3F40075C134 /* LogDisplay */,
				171EB6002255C3E80075C134 /* SendTo */,
			);
			path = TDebug;
			sourceTree = "<group>";
		};
		171EB5F62255C24E0075C134 /* Common */ = {
			isa = PBXGroup;
			children = (
				1733669E225708A700438E66 /* MessageHandler */,
				1743C14622520314003FE6B2 /* MultiPeer */,
				1796A2D422521117004975D4 /* Extensions */,
				1746B53B22520A5F00E554EC /* State */,
				1772A2F92253704A006D0A16 /* OSColor */,
			);
			path = Common;
			sourceTree = "<group>";
		};
		171EB5FF2255C3DB0075C134 /* ClientTest */ = {
			isa = PBXGroup;
			children = (
				17B3EE902255CD48009988D3 /* ClientTestUI.storyboard */,
				17B3EE922255CD53009988D3 /* ClientTestUICode.swift */,
			);
			path = ClientTest;
			sourceTree = "<group>";
		};
		171EB6002255C3E80075C134 /* SendTo */ = {
			isa = PBXGroup;
			children = (
				17B3EE8E2255CD40009988D3 /* SendToRemoteCode.swift */,
				17B3EE8C2255CD35009988D3 /* SendToRemote.storyboard */,
			);
			path = SendTo;
			sourceTree = "<group>";
		};
		171EB6012255C3F40075C134 /* LogDisplay */ = {
			isa = PBXGroup;
			children = (
				17B3EE942255CD5A009988D3 /* LogItem.swift */,
				17B3EE962255CD60009988D3 /* LogTableCell.swift */,
				17B3EE9A2255CD6B009988D3 /* LogItemProtocol.swift */,
				17B3EE982255CD66009988D3 /* LogItemViewerCode.swift */,
				17B3EE9C2255CD72009988D3 /* LogItemViewer.storyboard */,
			);
			path = LogDisplay;
			sourceTree = "<group>";
		};
		1722346822572D0D00518601 /* Filter */ = {
			isa = PBXGroup;
			children = (
				1722346922572D2C00518601 /* Filterer.storyboard */,
				1722346B22572E3F00518601 /* FiltererWindow.swift */,
				1722346D22572E5300518601 /* FiltererUICode.swift */,
				1722346F22573D7D00518601 /* FilterObject.swift */,
			);
			path = Filter;
			sourceTree = "<group>";
		};
		172426D32252398900E34282 /* PeerViewer */ = {
			isa = PBXGroup;
			children = (
				172426D6225239C400E34282 /* PeerViewerUICode.swift */,
				172426D82252488F00E34282 /* PeerViewerUIWindow.swift */,
			);
			path = PeerViewer;
			sourceTree = "<group>";
		};
		172E7F642259C9DC009E4768 /* ViewStates */ = {
			isa = PBXGroup;
			children = (
				172E7F622259C9CA009E4768 /* ViewStateManager.swift */,
				172E7F652259C9F5009E4768 /* ViewState.swift */,
			);
			path = ViewStates;
			sourceTree = "<group>";
		};
		172E7F672259E5D9009E4768 /* ItemViewer */ = {
			isa = PBXGroup;
			children = (
				172E7F682259E5FB009E4768 /* ItemViewer.storyboard */,
				172E7F6A2259E72D009E4768 /* ItemViewerWindow.swift */,
				172E7F6C2259E739009E4768 /* ItemViewerUICode.swift */,
			);
			path = ItemViewer;
			sourceTree = "<group>";
		};
		1733669E225708A700438E66 /* MessageHandler */ = {
			isa = PBXGroup;
			children = (
				1733669F225708BE00438E66 /* MessageHandler.swift */,
				173366A122570A0400438E66 /* MessageHandlerDelegate.swift */,
			);
			path = MessageHandler;
			sourceTree = "<group>";
		};
		1743C12A2251DF9A003FE6B2 = {
			isa = PBXGroup;
			children = (
				17B3EEA52255E1D9009988D3 /* README.md */,
				171EB5F62255C24E0075C134 /* Common */,
				1743C1352251DF9B003FE6B2 /* TDDebug */,
				171EB5E52255C2240075C134 /* TDebug */,
				1743C1342251DF9B003FE6B2 /* Products */,
			);
			sourceTree = "<group>";
		};
		1743C1342251DF9B003FE6B2 /* Products */ = {
			isa = PBXGroup;
			children = (
				1743C1332251DF9B003FE6B2 /* TDDebug.app */,
				171EB5E42255C2240075C134 /* TDebug.app */,
			);
			name = Products;
			sourceTree = "<group>";
		};
		1743C1352251DF9B003FE6B2 /* TDDebug */ = {
			isa = PBXGroup;
			children = (
				1743C13A2251DF9C003FE6B2 /* Assets.xcassets */,
				1743C1362251DF9B003FE6B2 /* AppDelegate.swift */,
				1743C1382251DF9B003FE6B2 /* ViewController.swift */,
				1743C13C2251DF9C003FE6B2 /* Main.storyboard */,
				17B68CC9225468CC00AEBE94 /* MainWindow.swift */,
				1746B54722520D4A00E554EC /* LogItem.swift */,
				1722347322576E9A00518601 /* LogItemList.swift */,
				1746B54322520C6700E554EC /* KVPItem.swift */,
				17223471225754EA00518601 /* KVPItems.swift */,
				1746B54022520AB900E554EC /* Versioning.swift */,
				1746B54522520C9F00E554EC /* MainProtocol.swift */,
				172E7F602259A757009E4768 /* ConnectionNotificationProtocol.swift */,
				1743C13F2251DF9C003FE6B2 /* Info.plist */,
				1743C1402251DF9C003FE6B2 /* TDDebug.entitlements */,
				172E7F642259C9DC009E4768 /* ViewStates */,
				1722346822572D0D00518601 /* Filter */,
				172E7F672259E5D9009E4768 /* ItemViewer */,
				17B68CCB2254711800AEBE94 /* About */,
				1704C5B222530FA800C49E91 /* SendToClient */,
				172426D32252398900E34282 /* PeerViewer */,
			);
			path = TDDebug;
			sourceTree = "<group>";
		};
		1743C14622520314003FE6B2 /* MultiPeer */ = {
			isa = PBXGroup;
			children = (
				1743C1472252032F003FE6B2 /* MultiPeer.swift */,
				1743C14B22520366003FE6B2 /* MultiPeerDelegate.swift */,
				1743C1492252034E003FE6B2 /* MessageHelper.swift */,
				1704C5B72253244D00C49E91 /* ClientCommands.swift */,
			);
			path = MultiPeer;
			sourceTree = "<group>";
		};
		1746B53B22520A5F00E554EC /* State */ = {
			isa = PBXGroup;
			children = (
				1746B53C22520A7000E554EC /* State.swift */,
				1746B53E22520A8D00E554EC /* StateProtocol.swift */,
			);
			path = State;
			sourceTree = "<group>";
		};
		1772A2F92253704A006D0A16 /* OSColor */ = {
			isa = PBXGroup;
			children = (
				1772A2FA2253705C006D0A16 /* OSColor.swift */,
			);
			path = OSColor;
			sourceTree = "<group>";
		};
		1796A2D422521117004975D4 /* Extensions */ = {
			isa = PBXGroup;
			children = (
				1743C14D2252041B003FE6B2 /* OSColorExtensions.swift */,
			);
			path = Extensions;
			sourceTree = "<group>";
		};
		17B3EE9E2255CD81009988D3 /* Commands */ = {
			isa = PBXGroup;
			children = (
				17B3EE9F2255CD8D009988D3 /* MainProtocol.swift */,
			);
			path = Commands;
			sourceTree = "<group>";
		};
		17B68CCB2254711800AEBE94 /* About */ = {
			isa = PBXGroup;
			children = (
				17B68CCC2254713100AEBE94 /* AboutTDDebug.storyboard */,
				17B68CCE2254731C00AEBE94 /* AboutTDDebugCode.swift */,
				17B68CD02254756400AEBE94 /* AboutTDDebugWindow.swift */,
			);
			path = About;
			sourceTree = "<group>";
		};
/* End PBXGroup section */

/* Begin PBXNativeTarget section */
		171EB5E32255C2240075C134 /* TDebug */ = {
			isa = PBXNativeTarget;
			buildConfigurationList = 171EB5F52255C2250075C134 /* Build configuration list for PBXNativeTarget "TDebug" */;
			buildPhases = (
				171EB5E02255C2240075C134 /* Sources */,
				171EB5E12255C2240075C134 /* Frameworks */,
				171EB5E22255C2240075C134 /* Resources */,
				17B3EE8A2255C719009988D3 /* ShellScript */,
			);
			buildRules = (
			);
			dependencies = (
			);
			name = TDebug;
			productName = TDebug;
			productReference = 171EB5E42255C2240075C134 /* TDebug.app */;
			productType = "com.apple.product-type.application";
		};
		1743C1322251DF9B003FE6B2 /* TDDebug */ = {
			isa = PBXNativeTarget;
			buildConfigurationList = 1743C1432251DF9C003FE6B2 /* Build configuration list for PBXNativeTarget "TDDebug" */;
			buildPhases = (
				1743C12F2251DF9B003FE6B2 /* Sources */,
				1743C1302251DF9B003FE6B2 /* Frameworks */,
				1743C1312251DF9B003FE6B2 /* Resources */,
				1746B54222520B6A00E554EC /* ShellScript */,
			);
			buildRules = (
			);
			dependencies = (
			);
			name = TDDebug;
			productName = TDDebug;
			productReference = 1743C1332251DF9B003FE6B2 /* TDDebug.app */;
			productType = "com.apple.product-type.application";
		};
/* End PBXNativeTarget section */

/* Begin PBXProject section */
		1743C12B2251DF9B003FE6B2 /* Project object */ = {
			isa = PBXProject;
			attributes = {
				LastSwiftUpdateCheck = 1020;
				LastUpgradeCheck = 1020;
				ORGANIZATIONNAME = "Stuart Rankin";
				TargetAttributes = {
					171EB5E32255C2240075C134 = {
						CreatedOnToolsVersion = 10.2;
					};
					1743C1322251DF9B003FE6B2 = {
						CreatedOnToolsVersion = 10.2;
					};
				};
			};
			buildConfigurationList = 1743C12E2251DF9B003FE6B2 /* Build configuration list for PBXProject "TDDebug" */;
			compatibilityVersion = "Xcode 9.3";
			developmentRegion = en;
			hasScannedForEncodings = 0;
			knownRegions = (
				en,
				Base,
			);
			mainGroup = 1743C12A2251DF9A003FE6B2;
			productRefGroup = 1743C1342251DF9B003FE6B2 /* Products */;
			projectDirPath = "";
			projectRoot = "";
			targets = (
				1743C1322251DF9B003FE6B2 /* TDDebug */,
				171EB5E32255C2240075C134 /* TDebug */,
			);
		};
/* End PBXProject section */

/* Begin PBXResourcesBuildPhase section */
		171EB5E22255C2240075C134 /* Resources */ = {
			isa = PBXResourcesBuildPhase;
			buildActionMask = 2147483647;
			files = (
				17B3EE8D2255CD35009988D3 /* SendToRemote.storyboard in Resources */,
				171EB5EE2255C2250075C134 /* Assets.xcassets in Resources */,
				171EB60F2255C4750075C134 /* LaunchScreen.storyboard in Resources */,
				17B3EE912255CD48009988D3 /* ClientTestUI.storyboard in Resources */,
				17B3EE9D2255CD72009988D3 /* LogItemViewer.storyboard in Resources */,
				171EB6032255C4250075C134 /* Main.storyboard in Resources */,
			);
			runOnlyForDeploymentPostprocessing = 0;
		};
		1743C1312251DF9B003FE6B2 /* Resources */ = {
			isa = PBXResourcesBuildPhase;
			buildActionMask = 2147483647;
			files = (
				172E7F692259E5FB009E4768 /* ItemViewer.storyboard in Resources */,
				1743C13B2251DF9C003FE6B2 /* Assets.xcassets in Resources */,
				17B68CCD2254713100AEBE94 /* AboutTDDebug.storyboard in Resources */,
				1743C13E2251DF9C003FE6B2 /* Main.storyboard in Resources */,
				1722346A22572D2C00518601 /* Filterer.storyboard in Resources */,
			);
			runOnlyForDeploymentPostprocessing = 0;
		};
/* End PBXResourcesBuildPhase section */

/* Begin PBXShellScriptBuildPhase section */
		1746B54222520B6A00E554EC /* ShellScript */ = {
			isa = PBXShellScriptBuildPhase;
			buildActionMask = 2147483647;
			files = (
			);
			inputFileListPaths = (
			);
			inputPaths = (
			);
			outputFileListPaths = (
			);
			outputPaths = (
			);
			runOnlyForDeploymentPostprocessing = 0;
			shellPath = /bin/sh;
			shellScript = "/Users/Stuart/Documents/GitHub/TDDebug/TDDebug/VersionUpdater/VersionUpdater /Users/Stuart/Documents/GitHub/TDDebug/TDDebug/TDDebug/Versioning.swift\n";
		};
		17B3EE8A2255C719009988D3 /* ShellScript */ = {
			isa = PBXShellScriptBuildPhase;
			buildActionMask = 2147483647;
			files = (
			);
			inputFileListPaths = (
			);
			inputPaths = (
			);
			outputFileListPaths = (
			);
			outputPaths = (
			);
			runOnlyForDeploymentPostprocessing = 0;
			shellPath = /bin/sh;
			shellScript = "/Users/Stuart/Documents/GitHub/TDDebug/TDDebug/VersionUpdater/VersionUpdater /Users/Stuart/Documents/GitHub/TDDebug/TDDebug/TDebug/Versioning.swift\n";
		};
/* End PBXShellScriptBuildPhase section */

/* Begin PBXSourcesBuildPhase section */
		171EB5E02255C2240075C134 /* Sources */ = {
			isa = PBXSourcesBuildPhase;
			buildActionMask = 2147483647;
			files = (
				171EB6092255C4510075C134 /* AppDelegate.swift in Sources */,
				173366A422570BD800438E66 /* MessageHandlerDelegate.swift in Sources */,
				17B3EE9B2255CD6B009988D3 /* LogItemProtocol.swift in Sources */,
				171EB5FB2255C2D10075C134 /* OSColorExtensions.swift in Sources */,
				171EB5FA2255C2CD0075C134 /* ClientCommands.swift in Sources */,
				17B3EEA42255CDF4009988D3 /* KVPItem.swift in Sources */,
				17B3EEA02255CD8D009988D3 /* MainProtocol.swift in Sources */,
				17B3EE932255CD53009988D3 /* ClientTestUICode.swift in Sources */,
				171EB5F82255C2C60075C134 /* MultiPeerDelegate.swift in Sources */,
				17B3EE8F2255CD40009988D3 /* SendToRemoteCode.swift in Sources */,
				171EB5FE2255C2E00075C134 /* OSColor.swift in Sources */,
				17B3EE972255CD60009988D3 /* LogTableCell.swift in Sources */,
				171EB5FD2255C2DB0075C134 /* StateProtocol.swift in Sources */,
				171EB6052255C42E0075C134 /* MainController.swift in Sources */,
				171EB5F72255C2C30075C134 /* MultiPeer.swift in Sources */,
				17B3EE952255CD5A009988D3 /* LogItem.swift in Sources */,
				171EB6112255C47D0075C134 /* IDTableCell.swift in Sources */,
				17B3EE992255CD66009988D3 /* LogItemViewerCode.swift in Sources */,
				171EB5F92255C2CA0075C134 /* MessageHelper.swift in Sources */,
				171EB5FC2255C2D80075C134 /* State.swift in Sources */,
				173366A322570BD500438E66 /* MessageHandler.swift in Sources */,
				171EB60D2255C4670075C134 /* Versioning.swift in Sources */,
			);
			runOnlyForDeploymentPostprocessing = 0;
		};
		1743C12F2251DF9B003FE6B2 /* Sources */ = {
			isa = PBXSourcesBuildPhase;
			buildActionMask = 2147483647;
			files = (
				172E7F632259C9CA009E4768 /* ViewStateManager.swift in Sources */,
				1743C1392251DF9B003FE6B2 /* ViewController.swift in Sources */,
				1746B54822520D4A00E554EC /* LogItem.swift in Sources */,
				173366A0225708BE00438E66 /* MessageHandler.swift in Sources */,
				1746B53F22520A8D00E554EC /* StateProtocol.swift in Sources */,
				1772A2FB2253705C006D0A16 /* OSColor.swift in Sources */,
				1743C1372251DF9B003FE6B2 /* AppDelegate.swift in Sources */,
				1743C14E2252041B003FE6B2 /* OSColorExtensions.swift in Sources */,
				1746B54422520C6700E554EC /* KVPItem.swift in Sources */,
				1722346E22572E5300518601 /* FiltererUICode.swift in Sources */,
				172E7F6B2259E72D009E4768 /* ItemViewerWindow.swift in Sources */,
				1722347422576E9A00518601 /* LogItemList.swift in Sources */,
				1704C5B82253244D00C49E91 /* ClientCommands.swift in Sources */,
				1722347022573D7D00518601 /* FilterObject.swift in Sources */,
				173366A222570A0400438E66 /* MessageHandlerDelegate.swift in Sources */,
				1743C1482252032F003FE6B2 /* MultiPeer.swift in Sources */,
				1704C5B4225311D400C49E91 /* SendToClientUIWindow.swift in Sources */,
				172E7F6D2259E739009E4768 /* ItemViewerUICode.swift in Sources */,
				172E7F612259A757009E4768 /* ConnectionNotificationProtocol.swift in Sources */,
				1722346C22572E3F00518601 /* FiltererWindow.swift in Sources */,
				172E7F662259C9F5009E4768 /* ViewState.swift in Sources */,
				17B68CCA225468CC00AEBE94 /* MainWindow.swift in Sources */,
				1704C5B62253123F00C49E91 /* SendToClientUICode.swift in Sources */,
				1746B54122520AB900E554EC /* Versioning.swift in Sources */,
				17223472225754EA00518601 /* KVPItems.swift in Sources */,
				1743C14C22520366003FE6B2 /* MultiPeerDelegate.swift in Sources */,
				17B68CCF2254731C00AEBE94 /* AboutTDDebugCode.swift in Sources */,
				172426D92252488F00E34282 /* PeerViewerUIWindow.swift in Sources */,
				1746B54622520C9F00E554EC /* MainProtocol.swift in Sources */,
				1746B53D22520A7000E554EC /* State.swift in Sources */,
				17B68CD12254756400AEBE94 /* AboutTDDebugWindow.swift in Sources */,
				172426D7225239C400E34282 /* PeerViewerUICode.swift in Sources */,
				1743C14A2252034E003FE6B2 /* MessageHelper.swift in Sources */,
			);
			runOnlyForDeploymentPostprocessing = 0;
		};
/* End PBXSourcesBuildPhase section */

/* Begin PBXVariantGroup section */
		1743C13C2251DF9C003FE6B2 /* Main.storyboard */ = {
			isa = PBXVariantGroup;
			children = (
				1743C13D2251DF9C003FE6B2 /* Base */,
			);
			name = Main.storyboard;
			sourceTree = "<group>";
		};
/* End PBXVariantGroup section */

/* Begin XCBuildConfiguration section */
		171EB5F32255C2250075C134 /* Debug */ = {
			isa = XCBuildConfiguration;
			buildSettings = {
				ASSETCATALOG_COMPILER_APPICON_NAME = AppIcon;
				CODE_SIGN_IDENTITY = "iPhone Developer";
				CODE_SIGN_STYLE = Automatic;
				DEVELOPMENT_TEAM = 4BB235M4GL;
				INFOPLIST_FILE = TDebug/Info.plist;
				IPHONEOS_DEPLOYMENT_TARGET = 12.2;
				LD_RUNPATH_SEARCH_PATHS = (
					"$(inherited)",
					"@executable_path/Frameworks",
				);
				PRODUCT_BUNDLE_IDENTIFIER = Irorio.TDebug;
				PRODUCT_NAME = "$(TARGET_NAME)";
				SDKROOT = iphoneos;
				SWIFT_VERSION = 5.0;
				TARGETED_DEVICE_FAMILY = 2;
			};
			name = Debug;
		};
		171EB5F42255C2250075C134 /* Release */ = {
			isa = XCBuildConfiguration;
			buildSettings = {
				ASSETCATALOG_COMPILER_APPICON_NAME = AppIcon;
				CODE_SIGN_IDENTITY = "iPhone Developer";
				CODE_SIGN_STYLE = Automatic;
				DEVELOPMENT_TEAM = 4BB235M4GL;
				INFOPLIST_FILE = TDebug/Info.plist;
				IPHONEOS_DEPLOYMENT_TARGET = 12.2;
				LD_RUNPATH_SEARCH_PATHS = (
					"$(inherited)",
					"@executable_path/Frameworks",
				);
				PRODUCT_BUNDLE_IDENTIFIER = Irorio.TDebug;
				PRODUCT_NAME = "$(TARGET_NAME)";
				SDKROOT = iphoneos;
				SWIFT_VERSION = 5.0;
				TARGETED_DEVICE_FAMILY = 2;
				VALIDATE_PRODUCT = YES;
			};
			name = Release;
		};
		1743C1412251DF9C003FE6B2 /* Debug */ = {
			isa = XCBuildConfiguration;
			buildSettings = {
				ALWAYS_SEARCH_USER_PATHS = NO;
				CLANG_ANALYZER_NONNULL = YES;
				CLANG_ANALYZER_NUMBER_OBJECT_CONVERSION = YES_AGGRESSIVE;
				CLANG_CXX_LANGUAGE_STANDARD = "gnu++14";
				CLANG_CXX_LIBRARY = "libc++";
				CLANG_ENABLE_MODULES = YES;
				CLANG_ENABLE_OBJC_ARC = YES;
				CLANG_ENABLE_OBJC_WEAK = YES;
				CLANG_WARN_BLOCK_CAPTURE_AUTORELEASING = YES;
				CLANG_WARN_BOOL_CONVERSION = YES;
				CLANG_WARN_COMMA = YES;
				CLANG_WARN_CONSTANT_CONVERSION = YES;
				CLANG_WARN_DEPRECATED_OBJC_IMPLEMENTATIONS = YES;
				CLANG_WARN_DIRECT_OBJC_ISA_USAGE = YES_ERROR;
				CLANG_WARN_DOCUMENTATION_COMMENTS = YES;
				CLANG_WARN_EMPTY_BODY = YES;
				CLANG_WARN_ENUM_CONVERSION = YES;
				CLANG_WARN_INFINITE_RECURSION = YES;
				CLANG_WARN_INT_CONVERSION = YES;
				CLANG_WARN_NON_LITERAL_NULL_CONVERSION = YES;
				CLANG_WARN_OBJC_IMPLICIT_RETAIN_SELF = YES;
				CLANG_WARN_OBJC_LITERAL_CONVERSION = YES;
				CLANG_WARN_OBJC_ROOT_CLASS = YES_ERROR;
				CLANG_WARN_RANGE_LOOP_ANALYSIS = YES;
				CLANG_WARN_STRICT_PROTOTYPES = YES;
				CLANG_WARN_SUSPICIOUS_MOVE = YES;
				CLANG_WARN_UNGUARDED_AVAILABILITY = YES_AGGRESSIVE;
				CLANG_WARN_UNREACHABLE_CODE = YES;
				CLANG_WARN__DUPLICATE_METHOD_MATCH = YES;
				CODE_SIGN_IDENTITY = "Mac Developer";
				COPY_PHASE_STRIP = NO;
				DEBUG_INFORMATION_FORMAT = dwarf;
				ENABLE_STRICT_OBJC_MSGSEND = YES;
				ENABLE_TESTABILITY = YES;
				GCC_C_LANGUAGE_STANDARD = gnu11;
				GCC_DYNAMIC_NO_PIC = NO;
				GCC_NO_COMMON_BLOCKS = YES;
				GCC_OPTIMIZATION_LEVEL = 0;
				GCC_PREPROCESSOR_DEFINITIONS = (
					"DEBUG=1",
					"$(inherited)",
				);
				GCC_WARN_64_TO_32_BIT_CONVERSION = YES;
				GCC_WARN_ABOUT_RETURN_TYPE = YES_ERROR;
				GCC_WARN_UNDECLARED_SELECTOR = YES;
				GCC_WARN_UNINITIALIZED_AUTOS = YES_AGGRESSIVE;
				GCC_WARN_UNUSED_FUNCTION = YES;
				GCC_WARN_UNUSED_VARIABLE = YES;
				MACOSX_DEPLOYMENT_TARGET = 10.14;
				MTL_ENABLE_DEBUG_INFO = INCLUDE_SOURCE;
				MTL_FAST_MATH = YES;
				ONLY_ACTIVE_ARCH = YES;
				SDKROOT = macosx;
				SWIFT_ACTIVE_COMPILATION_CONDITIONS = DEBUG;
				SWIFT_OPTIMIZATION_LEVEL = "-Onone";
			};
			name = Debug;
		};
		1743C1422251DF9C003FE6B2 /* Release */ = {
			isa = XCBuildConfiguration;
			buildSettings = {
				ALWAYS_SEARCH_USER_PATHS = NO;
				CLANG_ANALYZER_NONNULL = YES;
				CLANG_ANALYZER_NUMBER_OBJECT_CONVERSION = YES_AGGRESSIVE;
				CLANG_CXX_LANGUAGE_STANDARD = "gnu++14";
				CLANG_CXX_LIBRARY = "libc++";
				CLANG_ENABLE_MODULES = YES;
				CLANG_ENABLE_OBJC_ARC = YES;
				CLANG_ENABLE_OBJC_WEAK = YES;
				CLANG_WARN_BLOCK_CAPTURE_AUTORELEASING = YES;
				CLANG_WARN_BOOL_CONVERSION = YES;
				CLANG_WARN_COMMA = YES;
				CLANG_WARN_CONSTANT_CONVERSION = YES;
				CLANG_WARN_DEPRECATED_OBJC_IMPLEMENTATIONS = YES;
				CLANG_WARN_DIRECT_OBJC_ISA_USAGE = YES_ERROR;
				CLANG_WARN_DOCUMENTATION_COMMENTS = YES;
				CLANG_WARN_EMPTY_BODY = YES;
				CLANG_WARN_ENUM_CONVERSION = YES;
				CLANG_WARN_INFINITE_RECURSION = YES;
				CLANG_WARN_INT_CONVERSION = YES;
				CLANG_WARN_NON_LITERAL_NULL_CONVERSION = YES;
				CLANG_WARN_OBJC_IMPLICIT_RETAIN_SELF = YES;
				CLANG_WARN_OBJC_LITERAL_CONVERSION = YES;
				CLANG_WARN_OBJC_ROOT_CLASS = YES_ERROR;
				CLANG_WARN_RANGE_LOOP_ANALYSIS = YES;
				CLANG_WARN_STRICT_PROTOTYPES = YES;
				CLANG_WARN_SUSPICIOUS_MOVE = YES;
				CLANG_WARN_UNGUARDED_AVAILABILITY = YES_AGGRESSIVE;
				CLANG_WARN_UNREACHABLE_CODE = YES;
				CLANG_WARN__DUPLICATE_METHOD_MATCH = YES;
				CODE_SIGN_IDENTITY = "Mac Developer";
				COPY_PHASE_STRIP = NO;
				DEBUG_INFORMATION_FORMAT = "dwarf-with-dsym";
				ENABLE_NS_ASSERTIONS = NO;
				ENABLE_STRICT_OBJC_MSGSEND = YES;
				GCC_C_LANGUAGE_STANDARD = gnu11;
				GCC_NO_COMMON_BLOCKS = YES;
				GCC_WARN_64_TO_32_BIT_CONVERSION = YES;
				GCC_WARN_ABOUT_RETURN_TYPE = YES_ERROR;
				GCC_WARN_UNDECLARED_SELECTOR = YES;
				GCC_WARN_UNINITIALIZED_AUTOS = YES_AGGRESSIVE;
				GCC_WARN_UNUSED_FUNCTION = YES;
				GCC_WARN_UNUSED_VARIABLE = YES;
				MACOSX_DEPLOYMENT_TARGET = 10.14;
				MTL_ENABLE_DEBUG_INFO = NO;
				MTL_FAST_MATH = YES;
				SDKROOT = macosx;
				SWIFT_COMPILATION_MODE = wholemodule;
				SWIFT_OPTIMIZATION_LEVEL = "-O";
			};
			name = Release;
		};
		1743C1442251DF9C003FE6B2 /* Debug */ = {
			isa = XCBuildConfiguration;
			buildSettings = {
				ASSETCATALOG_COMPILER_APPICON_NAME = AppIcon;
				CODE_SIGN_ENTITLEMENTS = TDDebug/TDDebug.entitlements;
				CODE_SIGN_STYLE = Automatic;
				COMBINE_HIDPI_IMAGES = YES;
				DEVELOPMENT_TEAM = 4BB235M4GL;
				INFOPLIST_FILE = TDDebug/Info.plist;
				LD_RUNPATH_SEARCH_PATHS = (
					"$(inherited)",
					"@executable_path/../Frameworks",
				);
				PRODUCT_BUNDLE_IDENTIFIER = Irorio.TDDebug;
				PRODUCT_NAME = "$(TARGET_NAME)";
				"SWIFT_ACTIVE_COMPILATION_CONDITIONS[sdk=macosx*]" = FOR_MACOS;
				SWIFT_VERSION = 5.0;
			};
			name = Debug;
		};
		1743C1452251DF9C003FE6B2 /* Release */ = {
			isa = XCBuildConfiguration;
			buildSettings = {
				ASSETCATALOG_COMPILER_APPICON_NAME = AppIcon;
				CODE_SIGN_ENTITLEMENTS = TDDebug/TDDebug.entitlements;
				CODE_SIGN_STYLE = Automatic;
				COMBINE_HIDPI_IMAGES = YES;
				DEVELOPMENT_TEAM = 4BB235M4GL;
				INFOPLIST_FILE = TDDebug/Info.plist;
				LD_RUNPATH_SEARCH_PATHS = (
					"$(inherited)",
					"@executable_path/../Frameworks",
				);
				PRODUCT_BUNDLE_IDENTIFIER = Irorio.TDDebug;
				PRODUCT_NAME = "$(TARGET_NAME)";
				"SWIFT_ACTIVE_COMPILATION_CONDITIONS[sdk=macosx*]" = FOR_MACOS;
				SWIFT_VERSION = 5.0;
			};
			name = Release;
		};
/* End XCBuildConfiguration section */

/* Begin XCConfigurationList section */
		171EB5F52255C2250075C134 /* Build configuration list for PBXNativeTarget "TDebug" */ = {
			isa = XCConfigurationList;
			buildConfigurations = (
				171EB5F32255C2250075C134 /* Debug */,
				171EB5F42255C2250075C134 /* Release */,
			);
			defaultConfigurationIsVisible = 0;
			defaultConfigurationName = Release;
		};
		1743C12E2251DF9B003FE6B2 /* Build configuration list for PBXProject "TDDebug" */ = {
			isa = XCConfigurationList;
			buildConfigurations = (
				1743C1412251DF9C003FE6B2 /* Debug */,
				1743C1422251DF9C003FE6B2 /* Release */,
			);
			defaultConfigurationIsVisible = 0;
			defaultConfigurationName = Release;
		};
		1743C1432251DF9C003FE6B2 /* Build configuration list for PBXNativeTarget "TDDebug" */ = {
			isa = XCConfigurationList;
			buildConfigurations = (
				1743C1442251DF9C003FE6B2 /* Debug */,
				1743C1452251DF9C003FE6B2 /* Release */,
			);
			defaultConfigurationIsVisible = 0;
			defaultConfigurationName = Release;
		};
/* End XCConfigurationList section */
	};
	rootObject = 1743C12B2251DF9B003FE6B2 /* Project object */;
}
